
Microsoft Visual Studio Solution File, Format Version 12.00
# Visual Studio Version 16
VisualStudioVersion = 16.0.30523.141
MinimumVisualStudioVersion = 10.0.40219.1
Project("{FAE04EC0-301F-11D3-BF4B-00C04F79EFBC}") = "mymanhuagui_cli", "mymanhuagui_cli\mymanhuagui_cli.csproj", "{37BBD7EC-9C12-44DF-8B15-41F57C5E709D}"
EndProject
Global
	GlobalSection(SolutionConfigurationPlatforms) = preSolution
		Debug|Any CPU = Debug|Any CPU
		Release|Any CPU = Release|Any CPU
	EndGlobalSection
	GlobalSection(ProjectConfigurationPlatforms) = postSolution
		{37BBD7EC-9C12-44DF-8B15-41F57C5E709D}.Debug|Any CPU.ActiveCfg = Debug|Any CPU
		{37BBD7EC-9C12-44DF-8B15-41F57C5E709D}.Debug|Any CPU.Build.0 = Debug|Any CPU
		{37BBD7EC-9C12-44DF-8B15-41F57C5E709D}.Release|Any CPU.ActiveCfg = Release|Any CPU
		{37BBD7EC-9C12-44DF-8B15-41F57C5E709D}.Release|Any CPU.Build.0 = Release|Any CPU
	EndGlobalSection
	GlobalSection(SolutionProperties) = preSolution
		HideSolutionNode = FALSE
	EndGlobalSection
	GlobalSection(ExtensibilityGlobals) = postSolution
		SolutionGuid = {5B170AD9-248F-4551-B107-9849689B6CFD}
	EndGlobalSection
EndGlobal
